<?xml version="1.0" encoding="utf-8"?>
<Project ToolsVersion="4.0" xmlns="http://schemas.microsoft.com/developer/msbuild/2003">
  <ItemGroup>
    <Filter Include="Source Files">
      <UniqueIdentifier>{4FC737F1-C7A5-4376-A066-2A32D752A2FF}</UniqueIdentifier>
      <Extensions>cpp;c;cc;cxx;def;odl;idl;hpj;bat;asm;asmx</Extensions>
    </Filter>
    <Filter Include="Header Files">
      <UniqueIdentifier>{93995380-89BD-4b04-88EB-625FBE52EBFB}</UniqueIdentifier>
      <Extensions>h;hpp;hxx;hm;inl;inc;xsd</Extensions>
    </Filter>
    <Filter Include="Resource Files">
      <UniqueIdentifier>{67DA6AB6-F800-4c08-8B7A-83BB121AAD01}</UniqueIdentifier>
      <Extensions>rc;ico;cur;bmp;dlg;rc2;rct;bin;rgs;gif;jpg;jpeg;jpe;resx;tiff;tif;png;wav;mfcribbon-ms</Extensions>
    </Filter>
    <Filter Include="Header Files\Main">
      <UniqueIdentifier>{10519094-1010-41cf-9a29-6d8f441cf1cc}</UniqueIdentifier>
    </Filter>
    <Filter Include="Header Files\Render">
      <UniqueIdentifier>{3463665a-fa99-49c8-aa57-ae9d0394011b}</UniqueIdentifier>
    </Filter>
    <Filter Include="Header Files\tiny">
      <UniqueIdentifier>{3949cdb7-8879-4954-b40b-1834325921ab}</UniqueIdentifier>
    </Filter>
    <Filter Include="Source Files\Main">
      <UniqueIdentifier>{599e402d-2dbc-48cf-99f8-efce80f25178}</UniqueIdentifier>
    </Filter>
    <Filter Include="Source Files\Render">
      <UniqueIdentifier>{49b3adaf-8500-4a94-9dce-4e87ce07e3bc}</UniqueIdentifier>
    </Filter>
    <Filter Include="Source Files\tiny">
      <UniqueIdentifier>{4ac6953c-47d8-49bb-a787-f2e7e2f61a3b}</UniqueIdentifier>
    </Filter>
    <Filter Include="Resource Files\Render">
      <UniqueIdentifier>{5c258a50-c6c2-4e53-85f8-a695c2e1877f}</UniqueIdentifier>
    </Filter>
    <Filter Include="Header Files\ResourceManager">
      <UniqueIdentifier>{3136e42a-6944-41f1-9d79-a2dd4eaee487}</UniqueIdentifier>
    </Filter>
    <Filter Include="Source Files\ResourceManager">
      <UniqueIdentifier>{c5f9753b-f330-4609-8f4d-ac3037c6d8ce}</UniqueIdentifier>
    </Filter>
  </ItemGroup>
  <ItemGroup>
    <ClInclude Include="..\Audio\tiny\tinystr.h">
      <Filter>Header Files\tiny</Filter>
    </ClInclude>
    <ClInclude Include="..\Audio\tiny\tinyxml.h">
      <Filter>Header Files\tiny</Filter>
    </ClInclude>
    <ClInclude Include="..\Render\AllocMeshHierarchy.h">
      <Filter>Header Files\Render</Filter>
    </ClInclude>
    <ClInclude Include="..\Render\AnimatedModel.h">
      <Filter>Header Files\Render</Filter>
    </ClInclude>
    <ClInclude Include="..\Render\Camera.h">
      <Filter>Header Files\Render</Filter>
    </ClInclude>
    <ClInclude Include="..\Render\d3dApp.h">
      <Filter>Header Files\Render</Filter>
    </ClInclude>
    <ClInclude Include="..\Render\d3dUtil.h">
      <Filter>Header Files\Render</Filter>
    </ClInclude>
    <ClInclude Include="..\Render\DirectInput.h">
      <Filter>Header Files\Render</Filter>
    </ClInclude>
    <ClInclude Include="..\Render\EngineMain.h">
      <Filter>Header Files\Render</Filter>
    </ClInclude>
    <ClInclude Include="..\Render\GfxStats.h">
      <Filter>Header Files\Render</Filter>
    </ClInclude>
    <ClInclude Include="..\Render\Lighting.h">
      <Filter>Header Files\Render</Filter>
    </ClInclude>
    <ClInclude Include="..\Render\Model.h">
      <Filter>Header Files\Render</Filter>
    </ClInclude>
    <ClInclude Include="..\Render\RenderingInterface.h">
      <Filter>Header Files\Render</Filter>
    </ClInclude>
    <ClInclude Include="..\Render\resource.h">
      <Filter>Header Files\Render</Filter>
    </ClInclude>
    <ClInclude Include="..\Render\Shaders.h">
      <Filter>Header Files\Render</Filter>
    </ClInclude>
    <ClInclude Include="..\Render\stdafx.h">
      <Filter>Header Files\Render</Filter>
    </ClInclude>
    <ClInclude Include="..\Render\Vertex.h">
      <Filter>Header Files\Render</Filter>
    </ClInclude>
    <ClInclude Include="MainInterface.h">
      <Filter>Header Files\Main</Filter>
    </ClInclude>
    <ClInclude Include="StateManager.h">
      <Filter>Header Files\Main</Filter>
    </ClInclude>
    <ClInclude Include="stdafx.h">
      <Filter>Header Files\Main</Filter>
    </ClInclude>
    <ClInclude Include="targetver.h">
      <Filter>Header Files\Main</Filter>
    </ClInclude>
    <ClInclude Include="WorldObject.h">
      <Filter>Header Files\Main</Filter>
    </ClInclude>
    <ClInclude Include="..\Audio\AudioManager.h">
      <Filter>Header Files\ResourceManager</Filter>
    </ClInclude>
    <ClInclude Include="..\Audio\ResourceManager.h">
      <Filter>Header Files\ResourceManager</Filter>
    </ClInclude>
    <ClInclude Include="..\Audio\Sound.h">
      <Filter>Header Files\ResourceManager</Filter>
    </ClInclude>
    <ClInclude Include="..\Audio\cTextureResource.h">
      <Filter>Header Files\ResourceManager</Filter>
    </ClInclude>
  </ItemGroup>
  <ItemGroup>
    <ClCompile Include="GSP420MainCore.cpp">
      <Filter>Source Files\Main</Filter>
    </ClCompile>
    <ClCompile Include="MainInterface.cpp">
      <Filter>Source Files\Main</Filter>
    </ClCompile>
    <ClCompile Include="StateManager.cpp">
      <Filter>Source Files\Main</Filter>
    </ClCompile>
    <ClCompile Include="stdafx.cpp">
      <Filter>Source Files\Main</Filter>
    </ClCompile>
    <ClCompile Include="WorldObject.cpp">
      <Filter>Source Files\Main</Filter>
    </ClCompile>
    <ClCompile Include="..\Audio\tiny\tinystr.cpp">
      <Filter>Source Files\tiny</Filter>
    </ClCompile>
    <ClCompile Include="..\Audio\tiny\tinyxml.cpp">
      <Filter>Source Files\tiny</Filter>
    </ClCompile>
    <ClCompile Include="..\Audio\tiny\tinyxmlerror.cpp">
      <Filter>Source Files\tiny</Filter>
    </ClCompile>
    <ClCompile Include="..\Audio\tiny\tinyxmlparser.cpp">
      <Filter>Source Files\tiny</Filter>
    </ClCompile>
    <ClCompile Include="..\Render\AllocMeshHierarchy.cpp">
      <Filter>Source Files\Render</Filter>
    </ClCompile>
    <ClCompile Include="..\Render\AnimatedModel.cpp">
      <Filter>Source Files\Render</Filter>
    </ClCompile>
    <ClCompile Include="..\Render\Camera.cpp">
      <Filter>Source Files\Render</Filter>
    </ClCompile>
    <ClCompile Include="..\Render\d3dApp.cpp">
      <Filter>Source Files\Render</Filter>
    </ClCompile>
    <ClCompile Include="..\Render\d3dUtil.cpp">
      <Filter>Source Files\Render</Filter>
    </ClCompile>
    <ClCompile Include="..\Render\DirectInput.cpp">
      <Filter>Source Files\Render</Filter>
    </ClCompile>
    <ClCompile Include="..\Render\EngineMain.cpp">
      <Filter>Source Files\Render</Filter>
    </ClCompile>
    <ClCompile Include="..\Render\GfxStats.cpp">
      <Filter>Source Files\Render</Filter>
    </ClCompile>
    <ClCompile Include="..\Render\Lighting.cpp">
      <Filter>Source Files\Render</Filter>
    </ClCompile>
    <ClCompile Include="..\Render\Model.cpp">
      <Filter>Source Files\Render</Filter>
    </ClCompile>
    <ClCompile Include="..\Render\RenderingInterface.cpp">
      <Filter>Source Files\Render</Filter>
    </ClCompile>
    <ClCompile Include="..\Render\Shaders.cpp">
      <Filter>Source Files\Render</Filter>
    </ClCompile>
    <ClCompile Include="..\Render\Vertex.cpp">
      <Filter>Source Files\Render</Filter>
    </ClCompile>
    <ClCompile Include="..\Audio\AudioManager.cpp">
      <Filter>Source Files\ResourceManager</Filter>
    </ClCompile>
    <ClCompile Include="..\Audio\ResourceManager.cpp">
      <Filter>Source Files\ResourceManager</Filter>
    </ClCompile>
    <ClCompile Include="..\Audio\cTextureResource.cpp">
      <Filter>Source Files\ResourceManager</Filter>
    </ClCompile>
    <ClCompile Include="..\Audio\Sound.cpp">
      <Filter>Source Files\ResourceManager</Filter>
    </ClCompile>
  </ItemGroup>
  <ItemGroup>
    <FxCompile Include="..\Render\fx\lighting.fx">
      <Filter>Resource Files\Render</Filter>
    </FxCompile>
    <FxCompile Include="..\Render\fx\pointlight.fx">
      <Filter>Resource Files\Render</Filter>
    </FxCompile>
    <FxCompile Include="..\Render\fx\vblend2.fx">
      <Filter>Resource Files\Render</Filter>
    </FxCompile>
  </ItemGroup>
  <ItemGroup>
    <ResourceCompile Include="..\Render\Render.rc">
      <Filter>Resource Files\Render</Filter>
    </ResourceCompile>
  </ItemGroup>
</Project>